
Microsoft Visual Studio Solution File, Format Version 12.00
# Visual Studio Version 17
VisualStudioVersion = 17.0.31903.59
MinimumVisualStudioVersion = 10.0.40219.1
Project("{FAE04EC0-301F-11D3-BF4B-00C04F79EFBC}") = "PizzaNet.Domain", "PizzaNet.Domain\PizzaNet.Domain.csproj", "{2CEFC653-C82A-4FED-9351-21D69CD94722}"
EndProject
Project("{FAE04EC0-301F-11D3-BF4B-00C04F79EFBC}") = "PizzaNet.Application", "PizzaNet.Application\PizzaNet.Application.csproj", "{2A1F9CD0-E859-4D7E-A8E2-095D0EA41016}"
EndProject
Project("{FAE04EC0-301F-11D3-BF4B-00C04F79EFBC}") = "PizzaNet.Persistence", "PizzaNet.Persistence\PizzaNet.Persistence.csproj", "{7C75ACE0-929D-4596-B35F-6F8A3C250EB4}"
EndProject
Project("{FAE04EC0-301F-11D3-BF4B-00C04F79EFBC}") = "PizzaNet.BlazorServer", "PizzaNet.BlazorServer\PizzaNet.BlazorServer.csproj", "{14353A24-840B-47AA-955D-56EC80923683}"
EndProject
Global
	GlobalSection(SolutionConfigurationPlatforms) = preSolution
		Debug|Any CPU = Debug|Any CPU
		Debug|x64 = Debug|x64
		Debug|x86 = Debug|x86
		Release|Any CPU = Release|Any CPU
		Release|x64 = Release|x64
		Release|x86 = Release|x86
	EndGlobalSection
	GlobalSection(ProjectConfigurationPlatforms) = postSolution
		{2CEFC653-C82A-4FED-9351-21D69CD94722}.Debug|Any CPU.ActiveCfg = Debug|Any CPU
		{2CEFC653-C82A-4FED-9351-21D69CD94722}.Debug|Any CPU.Build.0 = Debug|Any CPU
		{2CEFC653-C82A-4FED-9351-21D69CD94722}.Debug|x64.ActiveCfg = Debug|Any CPU
		{2CEFC653-C82A-4FED-9351-21D69CD94722}.Debug|x64.Build.0 = Debug|Any CPU
		{2CEFC653-C82A-4FED-9351-21D69CD94722}.Debug|x86.ActiveCfg = Debug|Any CPU
		{2CEFC653-C82A-4FED-9351-21D69CD94722}.Debug|x86.Build.0 = Debug|Any CPU
		{2CEFC653-C82A-4FED-9351-21D69CD94722}.Release|Any CPU.ActiveCfg = Release|Any CPU
		{2CEFC653-C82A-4FED-9351-21D69CD94722}.Release|Any CPU.Build.0 = Release|Any CPU
		{2CEFC653-C82A-4FED-9351-21D69CD94722}.Release|x64.ActiveCfg = Release|Any CPU
		{2CEFC653-C82A-4FED-9351-21D69CD94722}.Release|x64.Build.0 = Release|Any CPU
		{2CEFC653-C82A-4FED-9351-21D69CD94722}.Release|x86.ActiveCfg = Release|Any CPU
		{2CEFC653-C82A-4FED-9351-21D69CD94722}.Release|x86.Build.0 = Release|Any CPU
		{2A1F9CD0-E859-4D7E-A8E2-095D0EA41016}.Debug|Any CPU.ActiveCfg = Debug|Any CPU
		{2A1F9CD0-E859-4D7E-A8E2-095D0EA41016}.Debug|Any CPU.Build.0 = Debug|Any CPU
		{2A1F9CD0-E859-4D7E-A8E2-095D0EA41016}.Debug|x64.ActiveCfg = Debug|Any CPU
		{2A1F9CD0-E859-4D7E-A8E2-095D0EA41016}.Debug|x64.Build.0 = Debug|Any CPU
		{2A1F9CD0-E859-4D7E-A8E2-095D0EA41016}.Debug|x86.ActiveCfg = Debug|Any CPU
		{2A1F9CD0-E859-4D7E-A8E2-095D0EA41016}.Debug|x86.Build.0 = Debug|Any CPU
		{2A1F9CD0-E859-4D7E-A8E2-095D0EA41016}.Release|Any CPU.ActiveCfg = Release|Any CPU
		{2A1F9CD0-E859-4D7E-A8E2-095D0EA41016}.Release|Any CPU.Build.0 = Release|Any CPU
		{2A1F9CD0-E859-4D7E-A8E2-095D0EA41016}.Release|x64.ActiveCfg = Release|Any CPU
		{2A1F9CD0-E859-4D7E-A8E2-095D0EA41016}.Release|x64.Build.0 = Release|Any CPU
		{2A1F9CD0-E859-4D7E-A8E2-095D0EA41016}.Release|x86.ActiveCfg = Release|Any CPU
		{2A1F9CD0-E859-4D7E-A8E2-095D0EA41016}.Release|x86.Build.0 = Release|Any CPU
		{7C75ACE0-929D-4596-B35F-6F8A3C250EB4}.Debug|Any CPU.ActiveCfg = Debug|Any CPU
		{7C75ACE0-929D-4596-B35F-6F8A3C250EB4}.Debug|Any CPU.Build.0 = Debug|Any CPU
		{7C75ACE0-929D-4596-B35F-6F8A3C250EB4}.Debug|x64.ActiveCfg = Debug|Any CPU
		{7C75ACE0-929D-4596-B35F-6F8A3C250EB4}.Debug|x64.Build.0 = Debug|Any CPU
		{7C75ACE0-929D-4596-B35F-6F8A3C250EB4}.Debug|x86.ActiveCfg = Debug|Any CPU
		{7C75ACE0-929D-4596-B35F-6F8A3C250EB4}.Debug|x86.Build.0 = Debug|Any CPU
		{7C75ACE0-929D-4596-B35F-6F8A3C250EB4}.Release|Any CPU.ActiveCfg = Release|Any CPU
		{7C75ACE0-929D-4596-B35F-6F8A3C250EB4}.Release|Any CPU.Build.0 = Release|Any CPU
		{7C75ACE0-929D-4596-B35F-6F8A3C250EB4}.Release|x64.ActiveCfg = Release|Any CPU
		{7C75ACE0-929D-4596-B35F-6F8A3C250EB4}.Release|x64.Build.0 = Release|Any CPU
		{7C75ACE0-929D-4596-B35F-6F8A3C250EB4}.Release|x86.ActiveCfg = Release|Any CPU
		{7C75ACE0-929D-4596-B35F-6F8A3C250EB4}.Release|x86.Build.0 = Release|Any CPU
		{14353A24-840B-47AA-955D-56EC80923683}.Debug|Any CPU.ActiveCfg = Debug|Any CPU
		{14353A24-840B-47AA-955D-56EC80923683}.Debug|Any CPU.Build.0 = Debug|Any CPU
		{14353A24-840B-47AA-955D-56EC80923683}.Debug|x64.ActiveCfg = Debug|Any CPU
		{14353A24-840B-47AA-955D-56EC80923683}.Debug|x64.Build.0 = Debug|Any CPU
		{14353A24-840B-47AA-955D-56EC80923683}.Debug|x86.ActiveCfg = Debug|Any CPU
		{14353A24-840B-47AA-955D-56EC80923683}.Debug|x86.Build.0 = Debug|Any CPU
		{14353A24-840B-47AA-955D-56EC80923683}.Release|Any CPU.ActiveCfg = Release|Any CPU
		{14353A24-840B-47AA-955D-56EC80923683}.Release|Any CPU.Build.0 = Release|Any CPU
		{14353A24-840B-47AA-955D-56EC80923683}.Release|x64.ActiveCfg = Release|Any CPU
		{14353A24-840B-47AA-955D-56EC80923683}.Release|x64.Build.0 = Release|Any CPU
		{14353A24-840B-47AA-955D-56EC80923683}.Release|x86.ActiveCfg = Release|Any CPU
		{14353A24-840B-47AA-955D-56EC80923683}.Release|x86.Build.0 = Release|Any CPU
	EndGlobalSection
	GlobalSection(SolutionProperties) = preSolution
		HideSolutionNode = FALSE
	EndGlobalSection
	GlobalSection(ExtensibilityGlobals) = postSolution
		SolutionGuid = {B832C0F6-0B87-4CD8-A09A-73A5D0455348}
	EndGlobalSection
EndGlobal
